
Microsoft Visual Studio Solution File, Format Version 12.00
# Visual Studio Version 16
VisualStudioVersion = 16.0.28729.10
MinimumVisualStudioVersion = 10.0.40219.1
Project("{FAE04EC0-301F-11D3-BF4B-00C04F79EFBC}") = "Link2link", "Link2link\Link2link.csproj", "{A46D37AC-BE40-4BB6-8CD7-8A9873106505}"
EndProject
Global
	GlobalSection(SolutionConfigurationPlatforms) = preSolution
		Debug|Any CPU = Debug|Any CPU
		Release|Any CPU = Release|Any CPU
	EndGlobalSection
	GlobalSection(ProjectConfigurationPlatforms) = postSolution
		{A46D37AC-BE40-4BB6-8CD7-8A9873106505}.Debug|Any CPU.ActiveCfg = Debug|Any CPU
		{A46D37AC-BE40-4BB6-8CD7-8A9873106505}.Debug|Any CPU.Build.0 = Debug|Any CPU
		{A46D37AC-BE40-4BB6-8CD7-8A9873106505}.Release|Any CPU.ActiveCfg = Release|Any CPU
		{A46D37AC-BE40-4BB6-8CD7-8A9873106505}.Release|Any CPU.Build.0 = Release|Any CPU
	EndGlobalSection
	GlobalSection(SolutionProperties) = preSolution
		HideSolutionNode = FALSE
	EndGlobalSection
	GlobalSection(ExtensibilityGlobals) = postSolution
		SolutionGuid = {B6FCB505-6AAC-48AC-8BE7-C5CA1E9E51A4}
	EndGlobalSection
EndGlobal
